// !$*UTF8*$!
{
	archiveVersion = 1;
	classes = {
	};
	objectVersion = 46;
	objects = {

/* Begin PBXBuildFile section */
		8312AF4C1B3816FE00F1CAEE /* Keychain.swift in Sources */ = {isa = PBXBuildFile; fileRef = 83A2064D1B381122001C788E /* Keychain.swift */; };
		83A2062E1B38110F001C788E /* AppDelegate.swift in Sources */ = {isa = PBXBuildFile; fileRef = 83A2062D1B38110F001C788E /* AppDelegate.swift */; };
		83A206301B38110F001C788E /* ViewController.swift in Sources */ = {isa = PBXBuildFile; fileRef = 83A2062F1B38110F001C788E /* ViewController.swift */; };
		83A206331B38110F001C788E /* Main.storyboard in Resources */ = {isa = PBXBuildFile; fileRef = 83A206311B38110F001C788E /* Main.storyboard */; };
		83A206351B38110F001C788E /* Assets.xcassets in Resources */ = {isa = PBXBuildFile; fileRef = 83A206341B38110F001C788E /* Assets.xcassets */; };
		83A206381B38110F001C788E /* LaunchScreen.storyboard in Resources */ = {isa = PBXBuildFile; fileRef = 83A206361B38110F001C788E /* LaunchScreen.storyboard */; };
		83A206431B381110001C788E /* Swift2KeychainTests.swift in Sources */ = {isa = PBXBuildFile; fileRef = 83A206421B381110001C788E /* Swift2KeychainTests.swift */; };
		83A2064E1B381122001C788E /* Keychain.swift in Sources */ = {isa = PBXBuildFile; fileRef = 83A2064D1B381122001C788E /* Keychain.swift */; };
/* End PBXBuildFile section */

/* Begin PBXContainerItemProxy section */
		83A2063F1B381110001C788E /* PBXContainerItemProxy */ = {
			isa = PBXContainerItemProxy;
			containerPortal = 83A206221B38110F001C788E /* Project object */;
			proxyType = 1;
			remoteGlobalIDString = 83A206291B38110F001C788E;
			remoteInfo = Swift2Keychain;
		};
/* End PBXContainerItemProxy section */

/* Begin PBXFileReference section */
		83A2062A1B38110F001C788E /* Swift2Keychain.app */ = {isa = PBXFileReference; explicitFileType = wrapper.application; includeInIndex = 0; path = Swift2Keychain.app; sourceTree = BUILT_PRODUCTS_DIR; };
		83A2062D1B38110F001C788E /* AppDelegate.swift */ = {isa = PBXFileReference; lastKnownFileType = sourcecode.swift; path = AppDelegate.swift; sourceTree = "<group>"; };
		83A2062F1B38110F001C788E /* ViewController.swift */ = {isa = PBXFileReference; lastKnownFileType = sourcecode.swift; path = ViewController.swift; sourceTree = "<group>"; };
		83A206321B38110F001C788E /* Base */ = {isa = PBXFileReference; lastKnownFileType = file.storyboard; name = Base; path = Base.lproj/Main.storyboard; sourceTree = "<group>"; };
		83A206341B38110F001C788E /* Assets.xcassets */ = {isa = PBXFileReference; lastKnownFileType = folder.assetcatalog; path = Assets.xcassets; sourceTree = "<group>"; };
		83A206371B38110F001C788E /* Base */ = {isa = PBXFileReference; lastKnownFileType = file.storyboard; name = Base; path = Base.lproj/LaunchScreen.storyboard; sourceTree = "<group>"; };
		83A206391B38110F001C788E /* Info.plist */ = {isa = PBXFileReference; lastKnownFileType = text.plist.xml; path = Info.plist; sourceTree = "<group>"; };
		83A2063E1B381110001C788E /* Swift2KeychainTests.xctest */ = {isa = PBXFileReference; explicitFileType = wrapper.cfbundle; includeInIndex = 0; path = Swift2KeychainTests.xctest; sourceTree = BUILT_PRODUCTS_DIR; };
		83A206421B381110001C788E /* Swift2KeychainTests.swift */ = {isa = PBXFileReference; lastKnownFileType = sourcecode.swift; path = Swift2KeychainTests.swift; sourceTree = "<group>"; };
		83A206441B381110001C788E /* Info.plist */ = {isa = PBXFileReference; lastKnownFileType = text.plist.xml; path = Info.plist; sourceTree = "<group>"; };
		83A2064D1B381122001C788E /* Keychain.swift */ = {isa = PBXFileReference; fileEncoding = 4; lastKnownFileType = sourcecode.swift; path = Keychain.swift; sourceTree = "<group>"; };
/* End PBXFileReference section */

/* Begin PBXFrameworksBuildPhase section */
		83A206271B38110F001C788E /* Frameworks */ = {
			isa = PBXFrameworksBuildPhase;
			buildActionMask = 2147483647;
			files = (
			);
			runOnlyForDeploymentPostprocessing = 0;
		};
		83A2063B1B381110001C788E /* Frameworks */ = {
			isa = PBXFrameworksBuildPhase;
			buildActionMask = 2147483647;
			files = (
			);
			runOnlyForDeploymentPostprocessing = 0;
		};
/* End PBXFrameworksBuildPhase section */

/* Begin PBXGroup section */
		83A206211B38110F001C788E = {
			isa = PBXGroup;
			children = (
				83A2062C1B38110F001C788E /* Swift2Keychain */,
				83A206411B381110001C788E /* Swift2KeychainTests */,
				83A2062B1B38110F001C788E /* Products */,
			);
			sourceTree = "<group>";
		};
		83A2062B1B38110F001C788E /* Products */ = {
			isa = PBXGroup;
			children = (
				83A2062A1B38110F001C788E /* Swift2Keychain.app */,
				83A2063E1B381110001C788E /* Swift2KeychainTests.xctest */,
			);
			name = Products;
			sourceTree = "<group>";
		};
		83A2062C1B38110F001C788E /* Swift2Keychain */ = {
			isa = PBXGroup;
			children = (
				83A2064D1B381122001C788E /* Keychain.swift */,
				83A2062D1B38110F001C788E /* AppDelegate.swift */,
				83A2062F1B38110F001C788E /* ViewController.swift */,
				83A206311B38110F001C788E /* Main.storyboard */,
				83A206341B38110F001C788E /* Assets.xcassets */,
				83A206361B38110F001C788E /* LaunchScreen.storyboard */,
				83A206391B38110F001C788E /* Info.plist */,
			);
			path = Swift2Keychain;
			sourceTree = "<group>";
		};
		83A206411B381110001C788E /* Swift2KeychainTests */ = {
			isa = PBXGroup;
			children = (
				83A206421B381110001C788E /* Swift2KeychainTests.swift */,
				83A206441B381110001C788E /* Info.plist */,
			);
			path = Swift2KeychainTests;
			sourceTree = "<group>";
		};
/* End PBXGroup section */

/* Begin PBXNativeTarget section */
		83A206291B38110F001C788E /* Swift2Keychain */ = {
			isa = PBXNativeTarget;
			buildConfigurationList = 83A206471B381110001C788E /* Build configuration list for PBXNativeTarget "Swift2Keychain" */;
			buildPhases = (
				83A206261B38110F001C788E /* Sources */,
				83A206271B38110F001C788E /* Frameworks */,
				83A206281B38110F001C788E /* Resources */,
			);
			buildRules = (
			);
			dependencies = (
			);
			name = Swift2Keychain;
			productName = Swift2Keychain;
			productReference = 83A2062A1B38110F001C788E /* Swift2Keychain.app */;
			productType = "com.apple.product-type.application";
		};
		83A2063D1B381110001C788E /* Swift2KeychainTests */ = {
			isa = PBXNativeTarget;
			buildConfigurationList = 83A2064A1B381110001C788E /* Build configuration list for PBXNativeTarget "Swift2KeychainTests" */;
			buildPhases = (
				83A2063A1B381110001C788E /* Sources */,
				83A2063B1B381110001C788E /* Frameworks */,
				83A2063C1B381110001C788E /* Resources */,
			);
			buildRules = (
			);
			dependencies = (
				83A206401B381110001C788E /* PBXTargetDependency */,
			);
			name = Swift2KeychainTests;
			productName = Swift2KeychainTests;
			productReference = 83A2063E1B381110001C788E /* Swift2KeychainTests.xctest */;
			productType = "com.apple.product-type.bundle.unit-test";
		};
/* End PBXNativeTarget section */

/* Begin PBXProject section */
		83A206221B38110F001C788E /* Project object */ = {
			isa = PBXProject;
			attributes = {
				LastUpgradeCheck = 0700;
				ORGANIZATIONNAME = "Chris Hulbert";
				TargetAttributes = {
					83A206291B38110F001C788E = {
						CreatedOnToolsVersion = 7.0;
					};
					83A2063D1B381110001C788E = {
						CreatedOnToolsVersion = 7.0;
						TestTargetID = 83A206291B38110F001C788E;
					};
				};
			};
			buildConfigurationList = 83A206251B38110F001C788E /* Build configuration list for PBXProject "Swift2Keychain" */;
			compatibilityVersion = "Xcode 3.2";
			developmentRegion = English;
			hasScannedForEncodings = 0;
			knownRegions = (
				en,
				Base,
			);
			mainGroup = 83A206211B38110F001C788E;
			productRefGroup = 83A2062B1B38110F001C788E /* Products */;
			projectDirPath = "";
			projectRoot = "";
			targets = (
				83A206291B38110F001C788E /* Swift2Keychain */,
				83A2063D1B381110001C788E /* Swift2KeychainTests */,
			);
		};
/* End PBXProject section */

/* Begin PBXResourcesBuildPhase section */
		83A206281B38110F001C788E /* Resources */ = {
			isa = PBXResourcesBuildPhase;
			buildActionMask = 2147483647;
			files = (
				83A206381B38110F001C788E /* LaunchScreen.storyboard in Resources */,
				83A206351B38110F001C788E /* Assets.xcassets in Resources */,
				83A206331B38110F001C788E /* Main.storyboard in Resources */,
			);
			runOnlyForDeploymentPostprocessing = 0;
		};
		83A2063C1B381110001C788E /* Resources */ = {
			isa = PBXResourcesBuildPhase;
			buildActionMask = 2147483647;
			files = (
			);
			runOnlyForDeploymentPostprocessing = 0;
		};
/* End PBXResourcesBuildPhase section */

/* Begin PBXSourcesBuildPhase section */
		83A206261B38110F001C788E /* Sources */ = {
			isa = PBXSourcesBuildPhase;
			buildActionMask = 2147483647;
			files = (
				83A206301B38110F001C788E /* ViewController.swift in Sources */,
				83A2062E1B38110F001C788E /* AppDelegate.swift in Sources */,
				83A2064E1B381122001C788E /* Keychain.swift in Sources */,
			);
			runOnlyForDeploymentPostprocessing = 0;
		};
		83A2063A1B381110001C788E /* Sources */ = {
			isa = PBXSourcesBuildPhase;
			buildActionMask = 2147483647;
			files = (
				83A206431B381110001C788E /* Swift2KeychainTests.swift in Sources */,
				8312AF4C1B3816FE00F1CAEE /* Keychain.swift in Sources */,
			);
			runOnlyForDeploymentPostprocessing = 0;
		};
/* End PBXSourcesBuildPhase section */

/* Begin PBXTargetDependency section */
		83A206401B381110001C788E /* PBXTargetDependency */ = {
			isa = PBXTargetDependency;
			target = 83A206291B38110F001C788E /* Swift2Keychain */;
			targetProxy = 83A2063F1B381110001C788E /* PBXContainerItemProxy */;
		};
/* End PBXTargetDependency section */

/* Begin PBXVariantGroup section */
		83A206311B38110F001C788E /* Main.storyboard */ = {
			isa = PBXVariantGroup;
			children = (
				83A206321B38110F001C788E /* Base */,
			);
			name = Main.storyboard;
			sourceTree = "<group>";
		};
		83A206361B38110F001C788E /* LaunchScreen.storyboard */ = {
			isa = PBXVariantGroup;
			children = (
				83A206371B38110F001C788E /* Base */,
			);
			name = LaunchScreen.storyboard;
			sourceTree = "<group>";
		};
/* End PBXVariantGroup section */

/* Begin XCBuildConfiguration section */
		83A206451B381110001C788E /* Debug */ = {
			isa = XCBuildConfiguration;
			buildSettings = {
				ALWAYS_SEARCH_USER_PATHS = NO;
				CLANG_CXX_LANGUAGE_STANDARD = "gnu++0x";
				CLANG_CXX_LIBRARY = "libc++";
				CLANG_ENABLE_MODULES = YES;
				CLANG_ENABLE_OBJC_ARC = YES;
				CLANG_WARN_BOOL_CONVERSION = YES;
				CLANG_WARN_CONSTANT_CONVERSION = YES;
				CLANG_WARN_DIRECT_OBJC_ISA_USAGE = YES_ERROR;
				CLANG_WARN_EMPTY_BODY = YES;
				CLANG_WARN_ENUM_CONVERSION = YES;
				CLANG_WARN_INT_CONVERSION = YES;
				CLANG_WARN_OBJC_ROOT_CLASS = YES_ERROR;
				CLANG_WARN_UNREACHABLE_CODE = YES;
				CLANG_WARN__DUPLICATE_METHOD_MATCH = YES;
				"CODE_SIGN_IDENTITY[sdk=iphoneos*]" = "iPhone Developer";
				COPY_PHASE_STRIP = NO;
				DEBUG_INFORMATION_FORMAT = dwarf;
				ENABLE_STRICT_OBJC_MSGSEND = YES;
				ENABLE_TESTABILITY = YES;
				GCC_C_LANGUAGE_STANDARD = gnu99;
				GCC_DYNAMIC_NO_PIC = NO;
				GCC_NO_COMMON_BLOCKS = YES;
				GCC_OPTIMIZATION_LEVEL = 0;
				GCC_PREPROCESSOR_DEFINITIONS = (
					"DEBUG=1",
					"$(inherited)",
				);
				GCC_WARN_64_TO_32_BIT_CONVERSION = YES;
				GCC_WARN_ABOUT_RETURN_TYPE = YES_ERROR;
				GCC_WARN_UNDECLARED_SELECTOR = YES;
				GCC_WARN_UNINITIALIZED_AUTOS = YES_AGGRESSIVE;
				GCC_WARN_UNUSED_FUNCTION = YES;
				GCC_WARN_UNUSED_VARIABLE = YES;
				IPHONEOS_DEPLOYMENT_TARGET = 9.0;
				MTL_ENABLE_DEBUG_INFO = YES;
				ONLY_ACTIVE_ARCH = YES;
				SDKROOT = iphoneos;
				SWIFT_OPTIMIZATION_LEVEL = "-Onone";
			};
			name = Debug;
		};
		83A206461B381110001C788E /* Release */ = {
			isa = XCBuildConfiguration;
			buildSettings = {
				ALWAYS_SEARCH_USER_PATHS = NO;
				CLANG_CXX_LANGUAGE_STANDARD = "gnu++0x";
				CLANG_CXX_LIBRARY = "libc++";
				CLANG_ENABLE_MODULES = YES;
				CLANG_ENABLE_OBJC_ARC = YES;
				CLANG_WARN_BOOL_CONVERSION = YES;
				CLANG_WARN_CONSTANT_CONVERSION = YES;
				CLANG_WARN_DIRECT_OBJC_ISA_USAGE = YES_ERROR;
				CLANG_WARN_EMPTY_BODY = YES;
				CLANG_WARN_ENUM_CONVERSION = YES;
				CLANG_WARN_INT_CONVERSION = YES;
				CLANG_WARN_OBJC_ROOT_CLASS = YES_ERROR;
				CLANG_WARN_UNREACHABLE_CODE = YES;
				CLANG_WARN__DUPLICATE_METHOD_MATCH = YES;
				"CODE_SIGN_IDENTITY[sdk=iphoneos*]" = "iPhone Developer";
				COPY_PHASE_STRIP = NO;
				DEBUG_INFORMATION_FORMAT = "dwarf-with-dsym";
				ENABLE_NS_ASSERTIONS = NO;
				ENABLE_STRICT_OBJC_MSGSEND = YES;
				GCC_C_LANGUAGE_STANDARD = gnu99;
				GCC_NO_COMMON_BLOCKS = YES;
				GCC_WARN_64_TO_32_BIT_CONVERSION = YES;
				GCC_WARN_ABOUT_RETURN_TYPE = YES_ERROR;
				GCC_WARN_UNDECLARED_SELECTOR = YES;
				GCC_WARN_UNINITIALIZED_AUTOS = YES_AGGRESSIVE;
				GCC_WARN_UNUSED_FUNCTION = YES;
				GCC_WARN_UNUSED_VARIABLE = YES;
				IPHONEOS_DEPLOYMENT_TARGET = 9.0;
				MTL_ENABLE_DEBUG_INFO = NO;
				SDKROOT = iphoneos;
				VALIDATE_PRODUCT = YES;
			};
			name = Release;
		};
		83A206481B381110001C788E /* Debug */ = {
			isa = XCBuildConfiguration;
			buildSettings = {
				ASSETCATALOG_COMPILER_APPICON_NAME = AppIcon;
				INFOPLIST_FILE = Swift2Keychain/Info.plist;
				LD_RUNPATH_SEARCH_PATHS = "$(inherited) @executable_path/Frameworks";
				PRODUCT_BUNDLE_IDENTIFIER = com.splinter.Swift2Keychain;
				PRODUCT_NAME = "$(TARGET_NAME)";
			};
			name = Debug;
		};
		83A206491B381110001C788E /* Release */ = {
			isa = XCBuildConfiguration;
			buildSettings = {
				ASSETCATALOG_COMPILER_APPICON_NAME = AppIcon;
				INFOPLIST_FILE = Swift2Keychain/Info.plist;
				LD_RUNPATH_SEARCH_PATHS = "$(inherited) @executable_path/Frameworks";
				PRODUCT_BUNDLE_IDENTIFIER = com.splinter.Swift2Keychain;
				PRODUCT_NAME = "$(TARGET_NAME)";
			};
			name = Release;
		};
		83A2064B1B381110001C788E /* Debug */ = {
			isa = XCBuildConfiguration;
			buildSettings = {
				BUNDLE_LOADER = "$(TEST_HOST)";
				INFOPLIST_FILE = Swift2KeychainTests/Info.plist;
				LD_RUNPATH_SEARCH_PATHS = "$(inherited) @executable_path/Frameworks @loader_path/Frameworks";
				PRODUCT_BUNDLE_IDENTIFIER = com.splinter.Swift2KeychainTests;
				PRODUCT_NAME = "$(TARGET_NAME)";
				TEST_HOST = "$(BUILT_PRODUCTS_DIR)/Swift2Keychain.app/Swift2Keychain";
			};
			name = Debug;
		};
		83A2064C1B381110001C788E /* Release */ = {
			isa = XCBuildConfiguration;
			buildSettings = {
				BUNDLE_LOADER = "$(TEST_HOST)";
				INFOPLIST_FILE = Swift2KeychainTests/Info.plist;
				LD_RUNPATH_SEARCH_PATHS = "$(inherited) @executable_path/Frameworks @loader_path/Frameworks";
				PRODUCT_BUNDLE_IDENTIFIER = com.splinter.Swift2KeychainTests;
				PRODUCT_NAME = "$(TARGET_NAME)";
				TEST_HOST = "$(BUILT_PRODUCTS_DIR)/Swift2Keychain.app/Swift2Keychain";
			};
			name = Release;
		};
/* End XCBuildConfiguration section */

/* Begin XCConfigurationList section */
		83A206251B38110F001C788E /* Build configuration list for PBXProject "Swift2Keychain" */ = {
			isa = XCConfigurationList;
			buildConfigurations = (
				83A206451B381110001C788E /* Debug */,
				83A206461B381110001C788E /* Release */,
			);
			defaultConfigurationIsVisible = 0;
			defaultConfigurationName = Release;
		};
		83A206471B381110001C788E /* Build configuration list for PBXNativeTarget "Swift2Keychain" */ = {
			isa = XCConfigurationList;
			buildConfigurations = (
				83A206481B381110001C788E /* Debug */,
				83A206491B381110001C788E /* Release */,
			);
			defaultConfigurationIsVisible = 0;
			defaultConfigurationName = Release;
		};
		83A2064A1B381110001C788E /* Build configuration list for PBXNativeTarget "Swift2KeychainTests" */ = {
			isa = XCConfigurationList;
			buildConfigurations = (
				83A2064B1B381110001C788E /* Debug */,
				83A2064C1B381110001C788E /* Release */,
			);
			defaultConfigurationIsVisible = 0;
			defaultConfigurationName = Release;
		};
/* End XCConfigurationList section */
	};
	rootObject = 83A206221B38110F001C788E /* Project object */;
}
